
Microsoft Visual Studio Solution File, Format Version 12.00
# Visual Studio Version 17
VisualStudioVersion = 17.0.31903.59
MinimumVisualStudioVersion = 10.0.40219.1
Project("{2150E333-8FDC-42A3-9474-1A3956D46DE8}") = "src", "src", "{8FBC8530-42FA-46A1-B19F-858A812DA61F}"
EndProject
Project("{F2A71F9B-5D33-465A-A702-920D77279786}") = "Game", "src\Game\Game.fsproj", "{F1CD669A-5B75-4E04-8CB3-28E424D895A5}"
EndProject
Project("{F2A71F9B-5D33-465A-A702-920D77279786}") = "Console", "src\Console\Console.fsproj", "{A1787E44-51BF-422C-A36D-1CA7BC22000B}"
EndProject
Global
	GlobalSection(SolutionConfigurationPlatforms) = preSolution
		Debug|Any CPU = Debug|Any CPU
		Release|Any CPU = Release|Any CPU
	EndGlobalSection
	GlobalSection(SolutionProperties) = preSolution
		HideSolutionNode = FALSE
	EndGlobalSection
	GlobalSection(ProjectConfigurationPlatforms) = postSolution
		{F1CD669A-5B75-4E04-8CB3-28E424D895A5}.Debug|Any CPU.ActiveCfg = Debug|Any CPU
		{F1CD669A-5B75-4E04-8CB3-28E424D895A5}.Debug|Any CPU.Build.0 = Debug|Any CPU
		{F1CD669A-5B75-4E04-8CB3-28E424D895A5}.Release|Any CPU.ActiveCfg = Release|Any CPU
		{F1CD669A-5B75-4E04-8CB3-28E424D895A5}.Release|Any CPU.Build.0 = Release|Any CPU
		{A1787E44-51BF-422C-A36D-1CA7BC22000B}.Debug|Any CPU.ActiveCfg = Debug|Any CPU
		{A1787E44-51BF-422C-A36D-1CA7BC22000B}.Debug|Any CPU.Build.0 = Debug|Any CPU
		{A1787E44-51BF-422C-A36D-1CA7BC22000B}.Release|Any CPU.ActiveCfg = Release|Any CPU
		{A1787E44-51BF-422C-A36D-1CA7BC22000B}.Release|Any CPU.Build.0 = Release|Any CPU
	EndGlobalSection
	GlobalSection(NestedProjects) = preSolution
		{F1CD669A-5B75-4E04-8CB3-28E424D895A5} = {8FBC8530-42FA-46A1-B19F-858A812DA61F}
		{A1787E44-51BF-422C-A36D-1CA7BC22000B} = {8FBC8530-42FA-46A1-B19F-858A812DA61F}
	EndGlobalSection
EndGlobal
